
Microsoft Visual Studio Solution File, Format Version 12.00
# Visual Studio 15
VisualStudioVersion = 15.0.27703.2000
MinimumVisualStudioVersion = 10.0.40219.1
Project("{9092AA53-FB77-4645-B42D-1CCCA6BD08BD}") = "Incite", "Incite\Incite.njsproj", "{0DCE16A4-AC75-42CA-8C01-E26D1187E9AF}"
EndProject
Global
	GlobalSection(SolutionConfigurationPlatforms) = preSolution
		Debug|Any CPU = Debug|Any CPU
		Release|Any CPU = Release|Any CPU
	EndGlobalSection
	GlobalSection(ProjectConfigurationPlatforms) = postSolution
		{0DCE16A4-AC75-42CA-8C01-E26D1187E9AF}.Debug|Any CPU.ActiveCfg = Debug|Any CPU
		{0DCE16A4-AC75-42CA-8C01-E26D1187E9AF}.Debug|Any CPU.Build.0 = Debug|Any CPU
		{0DCE16A4-AC75-42CA-8C01-E26D1187E9AF}.Release|Any CPU.ActiveCfg = Release|Any CPU
		{0DCE16A4-AC75-42CA-8C01-E26D1187E9AF}.Release|Any CPU.Build.0 = Release|Any CPU
	EndGlobalSection
	GlobalSection(SolutionProperties) = preSolution
		HideSolutionNode = FALSE
	EndGlobalSection
	GlobalSection(ExtensibilityGlobals) = postSolution
		SolutionGuid = {35148D8E-2320-4517-A7EB-9796A39C2918}
	EndGlobalSection
EndGlobal
